// !$*UTF8*$!
{
	archiveVersion = 1;
	classes = {
	};
	objectVersion = 56;
	objects = {

/* Begin PBXBuildFile section */
		6EE47B802BD5FA3A00958F36 /* ViewModel.swift in Sources */ = {isa = PBXBuildFile; fileRef = 6EE47B7F2BD5FA3A00958F36 /* ViewModel.swift */; };
		6EEDD5C12BD47F2200664B4D /* Calculadora1App.swift in Sources */ = {isa = PBXBuildFile; fileRef = 6EEDD5C02BD47F2200664B4D /* Calculadora1App.swift */; };
		6EEDD5C32BD47F2200664B4D /* ContentView.swift in Sources */ = {isa = PBXBuildFile; fileRef = 6EEDD5C22BD47F2200664B4D /* ContentView.swift */; };
		6EEDD5C52BD47F2500664B4D /* Assets.xcassets in Resources */ = {isa = PBXBuildFile; fileRef = 6EEDD5C42BD47F2500664B4D /* Assets.xcassets */; };
		6EEDD5C82BD47F2500664B4D /* Preview Assets.xcassets in Resources */ = {isa = PBXBuildFile; fileRef = 6EEDD5C72BD47F2500664B4D /* Preview Assets.xcassets */; };
		6EEDD5D22BD47F2500664B4D /* Calculadora1Tests.swift in Sources */ = {isa = PBXBuildFile; fileRef = 6EEDD5D12BD47F2500664B4D /* Calculadora1Tests.swift */; };
		6EEDD5DC2BD47F2500664B4D /* Calculadora1UITests.swift in Sources */ = {isa = PBXBuildFile; fileRef = 6EEDD5DB2BD47F2500664B4D /* Calculadora1UITests.swift */; };
		6EEDD5DE2BD47F2500664B4D /* Calculadora1UITestsLaunchTests.swift in Sources */ = {isa = PBXBuildFile; fileRef = 6EEDD5DD2BD47F2500664B4D /* Calculadora1UITestsLaunchTests.swift */; };
		6EEDD5EB2BD47F7F00664B4D /* Model.swift in Sources */ = {isa = PBXBuildFile; fileRef = 6EEDD5EA2BD47F7F00664B4D /* Model.swift */; };
		6EEDD5ED2BD4820000664B4D /* Colors.swift in Sources */ = {isa = PBXBuildFile; fileRef = 6EEDD5EC2BD4820000664B4D /* Colors.swift */; };
		6EEDD5EF2BD483BA00664B4D /* Matrix.swift in Sources */ = {isa = PBXBuildFile; fileRef = 6EEDD5EE2BD483BA00664B4D /* Matrix.swift */; };
		6EEDD5F12BD48D1E00664B4D /* VerticalButtonStack.swift in Sources */ = {isa = PBXBuildFile; fileRef = 6EEDD5F02BD48D1E00664B4D /* VerticalButtonStack.swift */; };
/* End PBXBuildFile section */

/* Begin PBXContainerItemProxy section */
		6EEDD5CE2BD47F2500664B4D /* PBXContainerItemProxy */ = {
			isa = PBXContainerItemProxy;
			containerPortal = 6EEDD5B52BD47F2200664B4D /* Project object */;
			proxyType = 1;
			remoteGlobalIDString = 6EEDD5BC2BD47F2200664B4D;
			remoteInfo = Calculadora1;
		};
		6EEDD5D82BD47F2500664B4D /* PBXContainerItemProxy */ = {
			isa = PBXContainerItemProxy;
			containerPortal = 6EEDD5B52BD47F2200664B4D /* Project object */;
			proxyType = 1;
			remoteGlobalIDString = 6EEDD5BC2BD47F2200664B4D;
			remoteInfo = Calculadora1;
		};
/* End PBXContainerItemProxy section */

/* Begin PBXFileReference section */
		6EE47B7F2BD5FA3A00958F36 /* ViewModel.swift */ = {isa = PBXFileReference; lastKnownFileType = sourcecode.swift; path = ViewModel.swift; sourceTree = "<group>"; };
		6EEDD5BD2BD47F2200664B4D /* Calculadora1.app */ = {isa = PBXFileReference; explicitFileType = wrapper.application; includeInIndex = 0; path = Calculadora1.app; sourceTree = BUILT_PRODUCTS_DIR; };
		6EEDD5C02BD47F2200664B4D /* Calculadora1App.swift */ = {isa = PBXFileReference; lastKnownFileType = sourcecode.swift; path = Calculadora1App.swift; sourceTree = "<group>"; };
		6EEDD5C22BD47F2200664B4D /* ContentView.swift */ = {isa = PBXFileReference; lastKnownFileType = sourcecode.swift; path = ContentView.swift; sourceTree = "<group>"; };
		6EEDD5C42BD47F2500664B4D /* Assets.xcassets */ = {isa = PBXFileReference; lastKnownFileType = folder.assetcatalog; path = Assets.xcassets; sourceTree = "<group>"; };
		6EEDD5C72BD47F2500664B4D /* Preview Assets.xcassets */ = {isa = PBXFileReference; lastKnownFileType = folder.assetcatalog; path = "Preview Assets.xcassets"; sourceTree = "<group>"; };
		6EEDD5CD2BD47F2500664B4D /* Calculadora1Tests.xctest */ = {isa = PBXFileReference; explicitFileType = wrapper.cfbundle; includeInIndex = 0; path = Calculadora1Tests.xctest; sourceTree = BUILT_PRODUCTS_DIR; };
		6EEDD5D12BD47F2500664B4D /* Calculadora1Tests.swift */ = {isa = PBXFileReference; lastKnownFileType = sourcecode.swift; path = Calculadora1Tests.swift; sourceTree = "<group>"; };
		6EEDD5D72BD47F2500664B4D /* Calculadora1UITests.xctest */ = {isa = PBXFileReference; explicitFileType = wrapper.cfbundle; includeInIndex = 0; path = Calculadora1UITests.xctest; sourceTree = BUILT_PRODUCTS_DIR; };
		6EEDD5DB2BD47F2500664B4D /* Calculadora1UITests.swift */ = {isa = PBXFileReference; lastKnownFileType = sourcecode.swift; path = Calculadora1UITests.swift; sourceTree = "<group>"; };
		6EEDD5DD2BD47F2500664B4D /* Calculadora1UITestsLaunchTests.swift */ = {isa = PBXFileReference; lastKnownFileType = sourcecode.swift; path = Calculadora1UITestsLaunchTests.swift; sourceTree = "<group>"; };
		6EEDD5EA2BD47F7F00664B4D /* Model.swift */ = {isa = PBXFileReference; lastKnownFileType = sourcecode.swift; path = Model.swift; sourceTree = "<group>"; };
		6EEDD5EC2BD4820000664B4D /* Colors.swift */ = {isa = PBXFileReference; lastKnownFileType = sourcecode.swift; path = Colors.swift; sourceTree = "<group>"; };
		6EEDD5EE2BD483BA00664B4D /* Matrix.swift */ = {isa = PBXFileReference; lastKnownFileType = sourcecode.swift; path = Matrix.swift; sourceTree = "<group>"; };
		6EEDD5F02BD48D1E00664B4D /* VerticalButtonStack.swift */ = {isa = PBXFileReference; lastKnownFileType = sourcecode.swift; path = VerticalButtonStack.swift; sourceTree = "<group>"; };
/* End PBXFileReference section */

/* Begin PBXFrameworksBuildPhase section */
		6EEDD5BA2BD47F2200664B4D /* Frameworks */ = {
			isa = PBXFrameworksBuildPhase;
			buildActionMask = 2147483647;
			files = (
			);
			runOnlyForDeploymentPostprocessing = 0;
		};
		6EEDD5CA2BD47F2500664B4D /* Frameworks */ = {
			isa = PBXFrameworksBuildPhase;
			buildActionMask = 2147483647;
			files = (
			);
			runOnlyForDeploymentPostprocessing = 0;
		};
		6EEDD5D42BD47F2500664B4D /* Frameworks */ = {
			isa = PBXFrameworksBuildPhase;
			buildActionMask = 2147483647;
			files = (
			);
			runOnlyForDeploymentPostprocessing = 0;
		};
/* End PBXFrameworksBuildPhase section */

/* Begin PBXGroup section */
		6EEDD5B42BD47F2200664B4D = {
			isa = PBXGroup;
			children = (
				6EEDD5BF2BD47F2200664B4D /* Calculadora1 */,
				6EEDD5D02BD47F2500664B4D /* Calculadora1Tests */,
				6EEDD5DA2BD47F2500664B4D /* Calculadora1UITests */,
				6EEDD5BE2BD47F2200664B4D /* Products */,
			);
			sourceTree = "<group>";
		};
		6EEDD5BE2BD47F2200664B4D /* Products */ = {
			isa = PBXGroup;
			children = (
				6EEDD5BD2BD47F2200664B4D /* Calculadora1.app */,
				6EEDD5CD2BD47F2500664B4D /* Calculadora1Tests.xctest */,
				6EEDD5D72BD47F2500664B4D /* Calculadora1UITests.xctest */,
			);
			name = Products;
			sourceTree = "<group>";
		};
		6EEDD5BF2BD47F2200664B4D /* Calculadora1 */ = {
			isa = PBXGroup;
			children = (
				6EEDD5C02BD47F2200664B4D /* Calculadora1App.swift */,
				6EEDD5C22BD47F2200664B4D /* ContentView.swift */,
				6EE47B7F2BD5FA3A00958F36 /* ViewModel.swift */,
				6EEDD5EA2BD47F7F00664B4D /* Model.swift */,
				6EEDD5EC2BD4820000664B4D /* Colors.swift */,
				6EEDD5EE2BD483BA00664B4D /* Matrix.swift */,
				6EEDD5F02BD48D1E00664B4D /* VerticalButtonStack.swift */,
				6EEDD5C42BD47F2500664B4D /* Assets.xcassets */,
				6EEDD5C62BD47F2500664B4D /* Preview Content */,
			);
			path = Calculadora1;
			sourceTree = "<group>";
		};
		6EEDD5C62BD47F2500664B4D /* Preview Content */ = {
			isa = PBXGroup;
			children = (
				6EEDD5C72BD47F2500664B4D /* Preview Assets.xcassets */,
			);
			path = "Preview Content";
			sourceTree = "<group>";
		};
		6EEDD5D02BD47F2500664B4D /* Calculadora1Tests */ = {
			isa = PBXGroup;
			children = (
				6EEDD5D12BD47F2500664B4D /* Calculadora1Tests.swift */,
			);
			path = Calculadora1Tests;
			sourceTree = "<group>";
		};
		6EEDD5DA2BD47F2500664B4D /* Calculadora1UITests */ = {
			isa = PBXGroup;
			children = (
				6EEDD5DB2BD47F2500664B4D /* Calculadora1UITests.swift */,
				6EEDD5DD2BD47F2500664B4D /* Calculadora1UITestsLaunchTests.swift */,
			);
			path = Calculadora1UITests;
			sourceTree = "<group>";
		};
/* End PBXGroup section */

/* Begin PBXNativeTarget section */
		6EEDD5BC2BD47F2200664B4D /* Calculadora1 */ = {
			isa = PBXNativeTarget;
			buildConfigurationList = 6EEDD5E12BD47F2500664B4D /* Build configuration list for PBXNativeTarget "Calculadora1" */;
			buildPhases = (
				6EEDD5B92BD47F2200664B4D /* Sources */,
				6EEDD5BA2BD47F2200664B4D /* Frameworks */,
				6EEDD5BB2BD47F2200664B4D /* Resources */,
			);
			buildRules = (
			);
			dependencies = (
			);
			name = Calculadora1;
			productName = Calculadora1;
			productReference = 6EEDD5BD2BD47F2200664B4D /* Calculadora1.app */;
			productType = "com.apple.product-type.application";
		};
		6EEDD5CC2BD47F2500664B4D /* Calculadora1Tests */ = {
			isa = PBXNativeTarget;
			buildConfigurationList = 6EEDD5E42BD47F2500664B4D /* Build configuration list for PBXNativeTarget "Calculadora1Tests" */;
			buildPhases = (
				6EEDD5C92BD47F2500664B4D /* Sources */,
				6EEDD5CA2BD47F2500664B4D /* Frameworks */,
				6EEDD5CB2BD47F2500664B4D /* Resources */,
			);
			buildRules = (
			);
			dependencies = (
				6EEDD5CF2BD47F2500664B4D /* PBXTargetDependency */,
			);
			name = Calculadora1Tests;
			productName = Calculadora1Tests;
			productReference = 6EEDD5CD2BD47F2500664B4D /* Calculadora1Tests.xctest */;
			productType = "com.apple.product-type.bundle.unit-test";
		};
		6EEDD5D62BD47F2500664B4D /* Calculadora1UITests */ = {
			isa = PBXNativeTarget;
			buildConfigurationList = 6EEDD5E72BD47F2500664B4D /* Build configuration list for PBXNativeTarget "Calculadora1UITests" */;
			buildPhases = (
				6EEDD5D32BD47F2500664B4D /* Sources */,
				6EEDD5D42BD47F2500664B4D /* Frameworks */,
				6EEDD5D52BD47F2500664B4D /* Resources */,
			);
			buildRules = (
			);
			dependencies = (
				6EEDD5D92BD47F2500664B4D /* PBXTargetDependency */,
			);
			name = Calculadora1UITests;
			productName = Calculadora1UITests;
			productReference = 6EEDD5D72BD47F2500664B4D /* Calculadora1UITests.xctest */;
			productType = "com.apple.product-type.bundle.ui-testing";
		};
/* End PBXNativeTarget section */

/* Begin PBXProject section */
		6EEDD5B52BD47F2200664B4D /* Project object */ = {
			isa = PBXProject;
			attributes = {
				BuildIndependentTargetsInParallel = 1;
				LastSwiftUpdateCheck = 1520;
				LastUpgradeCheck = 1520;
				TargetAttributes = {
					6EEDD5BC2BD47F2200664B4D = {
						CreatedOnToolsVersion = 15.2;
					};
					6EEDD5CC2BD47F2500664B4D = {
						CreatedOnToolsVersion = 15.2;
						TestTargetID = 6EEDD5BC2BD47F2200664B4D;
					};
					6EEDD5D62BD47F2500664B4D = {
						CreatedOnToolsVersion = 15.2;
						TestTargetID = 6EEDD5BC2BD47F2200664B4D;
					};
				};
			};
			buildConfigurationList = 6EEDD5B82BD47F2200664B4D /* Build configuration list for PBXProject "Calculadora1" */;
			compatibilityVersion = "Xcode 14.0";
			developmentRegion = en;
			hasScannedForEncodings = 0;
			knownRegions = (
				en,
				Base,
			);
			mainGroup = 6EEDD5B42BD47F2200664B4D;
			productRefGroup = 6EEDD5BE2BD47F2200664B4D /* Products */;
			projectDirPath = "";
			projectRoot = "";
			targets = (
				6EEDD5BC2BD47F2200664B4D /* Calculadora1 */,
				6EEDD5CC2BD47F2500664B4D /* Calculadora1Tests */,
				6EEDD5D62BD47F2500664B4D /* Calculadora1UITests */,
			);
		};
/* End PBXProject section */

/* Begin PBXResourcesBuildPhase section */
		6EEDD5BB2BD47F2200664B4D /* Resources */ = {
			isa = PBXResourcesBuildPhase;
			buildActionMask = 2147483647;
			files = (
				6EEDD5C82BD47F2500664B4D /* Preview Assets.xcassets in Resources */,
				6EEDD5C52BD47F2500664B4D /* Assets.xcassets in Resources */,
			);
			runOnlyForDeploymentPostprocessing = 0;
		};
		6EEDD5CB2BD47F2500664B4D /* Resources */ = {
			isa = PBXResourcesBuildPhase;
			buildActionMask = 2147483647;
			files = (
			);
			runOnlyForDeploymentPostprocessing = 0;
		};
		6EEDD5D52BD47F2500664B4D /* Resources */ = {
			isa = PBXResourcesBuildPhase;
			buildActionMask = 2147483647;
			files = (
			);
			runOnlyForDeploymentPostprocessing = 0;
		};
/* End PBXResourcesBuildPhase section */

/* Begin PBXSourcesBuildPhase section */
		6EEDD5B92BD47F2200664B4D /* Sources */ = {
			isa = PBXSourcesBuildPhase;
			buildActionMask = 2147483647;
			files = (
				6EEDD5F12BD48D1E00664B4D /* VerticalButtonStack.swift in Sources */,
				6EEDD5EB2BD47F7F00664B4D /* Model.swift in Sources */,
				6EEDD5EF2BD483BA00664B4D /* Matrix.swift in Sources */,
				6EEDD5ED2BD4820000664B4D /* Colors.swift in Sources */,
				6EEDD5C32BD47F2200664B4D /* ContentView.swift in Sources */,
				6EEDD5C12BD47F2200664B4D /* Calculadora1App.swift in Sources */,
				6EE47B802BD5FA3A00958F36 /* ViewModel.swift in Sources */,
			);
			runOnlyForDeploymentPostprocessing = 0;
		};
		6EEDD5C92BD47F2500664B4D /* Sources */ = {
			isa = PBXSourcesBuildPhase;
			buildActionMask = 2147483647;
			files = (
				6EEDD5D22BD47F2500664B4D /* Calculadora1Tests.swift in Sources */,
			);
			runOnlyForDeploymentPostprocessing = 0;
		};
		6EEDD5D32BD47F2500664B4D /* Sources */ = {
			isa = PBXSourcesBuildPhase;
			buildActionMask = 2147483647;
			files = (
				6EEDD5DE2BD47F2500664B4D /* Calculadora1UITestsLaunchTests.swift in Sources */,
				6EEDD5DC2BD47F2500664B4D /* Calculadora1UITests.swift in Sources */,
			);
			runOnlyForDeploymentPostprocessing = 0;
		};
/* End PBXSourcesBuildPhase section */

/* Begin PBXTargetDependency section */
		6EEDD5CF2BD47F2500664B4D /* PBXTargetDependency */ = {
			isa = PBXTargetDependency;
			target = 6EEDD5BC2BD47F2200664B4D /* Calculadora1 */;
			targetProxy = 6EEDD5CE2BD47F2500664B4D /* PBXContainerItemProxy */;
		};
		6EEDD5D92BD47F2500664B4D /* PBXTargetDependency */ = {
			isa = PBXTargetDependency;
			target = 6EEDD5BC2BD47F2200664B4D /* Calculadora1 */;
			targetProxy = 6EEDD5D82BD47F2500664B4D /* PBXContainerItemProxy */;
		};
/* End PBXTargetDependency section */

/* Begin XCBuildConfiguration section */
		6EEDD5DF2BD47F2500664B4D /* Debug */ = {
			isa = XCBuildConfiguration;
			buildSettings = {
				ALWAYS_SEARCH_USER_PATHS = NO;
				ASSETCATALOG_COMPILER_GENERATE_SWIFT_ASSET_SYMBOL_EXTENSIONS = YES;
				CLANG_ANALYZER_NONNULL = YES;
				CLANG_ANALYZER_NUMBER_OBJECT_CONVERSION = YES_AGGRESSIVE;
				CLANG_CXX_LANGUAGE_STANDARD = "gnu++20";
				CLANG_ENABLE_MODULES = YES;
				CLANG_ENABLE_OBJC_ARC = YES;
				CLANG_ENABLE_OBJC_WEAK = YES;
				CLANG_WARN_BLOCK_CAPTURE_AUTORELEASING = YES;
				CLANG_WARN_BOOL_CONVERSION = YES;
				CLANG_WARN_COMMA = YES;
				CLANG_WARN_CONSTANT_CONVERSION = YES;
				CLANG_WARN_DEPRECATED_OBJC_IMPLEMENTATIONS = YES;
				CLANG_WARN_DIRECT_OBJC_ISA_USAGE = YES_ERROR;
				CLANG_WARN_DOCUMENTATION_COMMENTS = YES;
				CLANG_WARN_EMPTY_BODY = YES;
				CLANG_WARN_ENUM_CONVERSION = YES;
				CLANG_WARN_INFINITE_RECURSION = YES;
				CLANG_WARN_INT_CONVERSION = YES;
				CLANG_WARN_NON_LITERAL_NULL_CONVERSION = YES;
				CLANG_WARN_OBJC_IMPLICIT_RETAIN_SELF = YES;
				CLANG_WARN_OBJC_LITERAL_CONVERSION = YES;
				CLANG_WARN_OBJC_ROOT_CLASS = YES_ERROR;
				CLANG_WARN_QUOTED_INCLUDE_IN_FRAMEWORK_HEADER = YES;
				CLANG_WARN_RANGE_LOOP_ANALYSIS = YES;
				CLANG_WARN_STRICT_PROTOTYPES = YES;
				CLANG_WARN_SUSPICIOUS_MOVE = YES;
				CLANG_WARN_UNGUARDED_AVAILABILITY = YES_AGGRESSIVE;
				CLANG_WARN_UNREACHABLE_CODE = YES;
				CLANG_WARN__DUPLICATE_METHOD_MATCH = YES;
				COPY_PHASE_STRIP = NO;
				DEBUG_INFORMATION_FORMAT = dwarf;
				ENABLE_STRICT_OBJC_MSGSEND = YES;
				ENABLE_TESTABILITY = YES;
				ENABLE_USER_SCRIPT_SANDBOXING = YES;
				GCC_C_LANGUAGE_STANDARD = gnu17;
				GCC_DYNAMIC_NO_PIC = NO;
				GCC_NO_COMMON_BLOCKS = YES;
				GCC_OPTIMIZATION_LEVEL = 0;
				GCC_PREPROCESSOR_DEFINITIONS = (
					"DEBUG=1",
					"$(inherited)",
				);
				GCC_WARN_64_TO_32_BIT_CONVERSION = YES;
				GCC_WARN_ABOUT_RETURN_TYPE = YES_ERROR;
				GCC_WARN_UNDECLARED_SELECTOR = YES;
				GCC_WARN_UNINITIALIZED_AUTOS = YES_AGGRESSIVE;
				GCC_WARN_UNUSED_FUNCTION = YES;
				GCC_WARN_UNUSED_VARIABLE = YES;
				IPHONEOS_DEPLOYMENT_TARGET = 17.2;
				LOCALIZATION_PREFERS_STRING_CATALOGS = YES;
				MTL_ENABLE_DEBUG_INFO = INCLUDE_SOURCE;
				MTL_FAST_MATH = YES;
				ONLY_ACTIVE_ARCH = YES;
				SDKROOT = iphoneos;
				SWIFT_ACTIVE_COMPILATION_CONDITIONS = "DEBUG $(inherited)";
				SWIFT_OPTIMIZATION_LEVEL = "-Onone";
			};
			name = Debug;
		};
		6EEDD5E02BD47F2500664B4D /* Release */ = {
			isa = XCBuildConfiguration;
			buildSettings = {
				ALWAYS_SEARCH_USER_PATHS = NO;
				ASSETCATALOG_COMPILER_GENERATE_SWIFT_ASSET_SYMBOL_EXTENSIONS = YES;
				CLANG_ANALYZER_NONNULL = YES;
				CLANG_ANALYZER_NUMBER_OBJECT_CONVERSION = YES_AGGRESSIVE;
				CLANG_CXX_LANGUAGE_STANDARD = "gnu++20";
				CLANG_ENABLE_MODULES = YES;
				CLANG_ENABLE_OBJC_ARC = YES;
				CLANG_ENABLE_OBJC_WEAK = YES;
				CLANG_WARN_BLOCK_CAPTURE_AUTORELEASING = YES;
				CLANG_WARN_BOOL_CONVERSION = YES;
				CLANG_WARN_COMMA = YES;
				CLANG_WARN_CONSTANT_CONVERSION = YES;
				CLANG_WARN_DEPRECATED_OBJC_IMPLEMENTATIONS = YES;
				CLANG_WARN_DIRECT_OBJC_ISA_USAGE = YES_ERROR;
				CLANG_WARN_DOCUMENTATION_COMMENTS = YES;
				CLANG_WARN_EMPTY_BODY = YES;
				CLANG_WARN_ENUM_CONVERSION = YES;
				CLANG_WARN_INFINITE_RECURSION = YES;
				CLANG_WARN_INT_CONVERSION = YES;
				CLANG_WARN_NON_LITERAL_NULL_CONVERSION = YES;
				CLANG_WARN_OBJC_IMPLICIT_RETAIN_SELF = YES;
				CLANG_WARN_OBJC_LITERAL_CONVERSION = YES;
				CLANG_WARN_OBJC_ROOT_CLASS = YES_ERROR;
				CLANG_WARN_QUOTED_INCLUDE_IN_FRAMEWORK_HEADER = YES;
				CLANG_WARN_RANGE_LOOP_ANALYSIS = YES;
				CLANG_WARN_STRICT_PROTOTYPES = YES;
				CLANG_WARN_SUSPICIOUS_MOVE = YES;
				CLANG_WARN_UNGUARDED_AVAILABILITY = YES_AGGRESSIVE;
				CLANG_WARN_UNREACHABLE_CODE = YES;
				CLANG_WARN__DUPLICATE_METHOD_MATCH = YES;
				COPY_PHASE_STRIP = NO;
				DEBUG_INFORMATION_FORMAT = "dwarf-with-dsym";
				ENABLE_NS_ASSERTIONS = NO;
				ENABLE_STRICT_OBJC_MSGSEND = YES;
				ENABLE_USER_SCRIPT_SANDBOXING = YES;
				GCC_C_LANGUAGE_STANDARD = gnu17;
				GCC_NO_COMMON_BLOCKS = YES;
				GCC_WARN_64_TO_32_BIT_CONVERSION = YES;
				GCC_WARN_ABOUT_RETURN_TYPE = YES_ERROR;
				GCC_WARN_UNDECLARED_SELECTOR = YES;
				GCC_WARN_UNINITIALIZED_AUTOS = YES_AGGRESSIVE;
				GCC_WARN_UNUSED_FUNCTION = YES;
				GCC_WARN_UNUSED_VARIABLE = YES;
				IPHONEOS_DEPLOYMENT_TARGET = 17.2;
				LOCALIZATION_PREFERS_STRING_CATALOGS = YES;
				MTL_ENABLE_DEBUG_INFO = NO;
				MTL_FAST_MATH = YES;
				SDKROOT = iphoneos;
				SWIFT_COMPILATION_MODE = wholemodule;
				VALIDATE_PRODUCT = YES;
			};
			name = Release;
		};
		6EEDD5E22BD47F2500664B4D /* Debug */ = {
			isa = XCBuildConfiguration;
			buildSettings = {
				ASSETCATALOG_COMPILER_APPICON_NAME = AppIcon;
				ASSETCATALOG_COMPILER_GLOBAL_ACCENT_COLOR_NAME = AccentColor;
				CODE_SIGN_STYLE = Automatic;
				CURRENT_PROJECT_VERSION = 1;
				DEVELOPMENT_ASSET_PATHS = "\"Calculadora1/Preview Content\"";
				ENABLE_PREVIEWS = YES;
				GENERATE_INFOPLIST_FILE = YES;
				INFOPLIST_KEY_UIApplicationSceneManifest_Generation = YES;
				INFOPLIST_KEY_UIApplicationSupportsIndirectInputEvents = YES;
				INFOPLIST_KEY_UILaunchScreen_Generation = YES;
				INFOPLIST_KEY_UISupportedInterfaceOrientations_iPad = "UIInterfaceOrientationPortrait UIInterfaceOrientationPortraitUpsideDown UIInterfaceOrientationLandscapeLeft UIInterfaceOrientationLandscapeRight";
				INFOPLIST_KEY_UISupportedInterfaceOrientations_iPhone = "UIInterfaceOrientationPortrait UIInterfaceOrientationLandscapeLeft UIInterfaceOrientationLandscapeRight";
				LD_RUNPATH_SEARCH_PATHS = (
					"$(inherited)",
					"@executable_path/Frameworks",
				);
				MARKETING_VERSION = 1.0;
				PRODUCT_BUNDLE_IDENTIFIER = cristian.laguna.Calculadora1;
				PRODUCT_NAME = "$(TARGET_NAME)";
				SWIFT_EMIT_LOC_STRINGS = YES;
				SWIFT_VERSION = 5.0;
				TARGETED_DEVICE_FAMILY = "1,2";
			};
			name = Debug;
		};
		6EEDD5E32BD47F2500664B4D /* Release */ = {
			isa = XCBuildConfiguration;
			buildSettings = {
				ASSETCATALOG_COMPILER_APPICON_NAME = AppIcon;
				ASSETCATALOG_COMPILER_GLOBAL_ACCENT_COLOR_NAME = AccentColor;
				CODE_SIGN_STYLE = Automatic;
				CURRENT_PROJECT_VERSION = 1;
				DEVELOPMENT_ASSET_PATHS = "\"Calculadora1/Preview Content\"";
				ENABLE_PREVIEWS = YES;
				GENERATE_INFOPLIST_FILE = YES;
				INFOPLIST_KEY_UIApplicationSceneManifest_Generation = YES;
				INFOPLIST_KEY_UIApplicationSupportsIndirectInputEvents = YES;
				INFOPLIST_KEY_UILaunchScreen_Generation = YES;
				INFOPLIST_KEY_UISupportedInterfaceOrientations_iPad = "UIInterfaceOrientationPortrait UIInterfaceOrientationPortraitUpsideDown UIInterfaceOrientationLandscapeLeft UIInterfaceOrientationLandscapeRight";
				INFOPLIST_KEY_UISupportedInterfaceOrientations_iPhone = "UIInterfaceOrientationPortrait UIInterfaceOrientationLandscapeLeft UIInterfaceOrientationLandscapeRight";
				LD_RUNPATH_SEARCH_PATHS = (
					"$(inherited)",
					"@executable_path/Frameworks",
				);
				MARKETING_VERSION = 1.0;
				PRODUCT_BUNDLE_IDENTIFIER = cristian.laguna.Calculadora1;
				PRODUCT_NAME = "$(TARGET_NAME)";
				SWIFT_EMIT_LOC_STRINGS = YES;
				SWIFT_VERSION = 5.0;
				TARGETED_DEVICE_FAMILY = "1,2";
			};
			name = Release;
		};
		6EEDD5E52BD47F2500664B4D /* Debug */ = {
			isa = XCBuildConfiguration;
			buildSettings = {
				ALWAYS_EMBED_SWIFT_STANDARD_LIBRARIES = YES;
				BUNDLE_LOADER = "$(TEST_HOST)";
				CODE_SIGN_STYLE = Automatic;
				CURRENT_PROJECT_VERSION = 1;
				GENERATE_INFOPLIST_FILE = YES;
				IPHONEOS_DEPLOYMENT_TARGET = 17.2;
				MARKETING_VERSION = 1.0;
				PRODUCT_BUNDLE_IDENTIFIER = cristian.laguna.Calculadora1Tests;
				PRODUCT_NAME = "$(TARGET_NAME)";
				SWIFT_EMIT_LOC_STRINGS = NO;
				SWIFT_VERSION = 5.0;
				TARGETED_DEVICE_FAMILY = "1,2";
				TEST_HOST = "$(BUILT_PRODUCTS_DIR)/Calculadora1.app/$(BUNDLE_EXECUTABLE_FOLDER_PATH)/Calculadora1";
			};
			name = Debug;
		};
		6EEDD5E62BD47F2500664B4D /* Release */ = {
			isa = XCBuildConfiguration;
			buildSettings = {
				ALWAYS_EMBED_SWIFT_STANDARD_LIBRARIES = YES;
				BUNDLE_LOADER = "$(TEST_HOST)";
				CODE_SIGN_STYLE = Automatic;
				CURRENT_PROJECT_VERSION = 1;
				GENERATE_INFOPLIST_FILE = YES;
				IPHONEOS_DEPLOYMENT_TARGET = 17.2;
				MARKETING_VERSION = 1.0;
				PRODUCT_BUNDLE_IDENTIFIER = cristian.laguna.Calculadora1Tests;
				PRODUCT_NAME = "$(TARGET_NAME)";
				SWIFT_EMIT_LOC_STRINGS = NO;
				SWIFT_VERSION = 5.0;
				TARGETED_DEVICE_FAMILY = "1,2";
				TEST_HOST = "$(BUILT_PRODUCTS_DIR)/Calculadora1.app/$(BUNDLE_EXECUTABLE_FOLDER_PATH)/Calculadora1";
			};
			name = Release;
		};
		6EEDD5E82BD47F2500664B4D /* Debug */ = {
			isa = XCBuildConfiguration;
			buildSettings = {
				ALWAYS_EMBED_SWIFT_STANDARD_LIBRARIES = YES;
				CODE_SIGN_STYLE = Automatic;
				CURRENT_PROJECT_VERSION = 1;
				GENERATE_INFOPLIST_FILE = YES;
				MARKETING_VERSION = 1.0;
				PRODUCT_BUNDLE_IDENTIFIER = cristian.laguna.Calculadora1UITests;
				PRODUCT_NAME = "$(TARGET_NAME)";
				SWIFT_EMIT_LOC_STRINGS = NO;
				SWIFT_VERSION = 5.0;
				TARGETED_DEVICE_FAMILY = "1,2";
				TEST_TARGET_NAME = Calculadora1;
			};
			name = Debug;
		};
		6EEDD5E92BD47F2500664B4D /* Release */ = {
			isa = XCBuildConfiguration;
			buildSettings = {
				ALWAYS_EMBED_SWIFT_STANDARD_LIBRARIES = YES;
				CODE_SIGN_STYLE = Automatic;
				CURRENT_PROJECT_VERSION = 1;
				GENERATE_INFOPLIST_FILE = YES;
				MARKETING_VERSION = 1.0;
				PRODUCT_BUNDLE_IDENTIFIER = cristian.laguna.Calculadora1UITests;
				PRODUCT_NAME = "$(TARGET_NAME)";
				SWIFT_EMIT_LOC_STRINGS = NO;
				SWIFT_VERSION = 5.0;
				TARGETED_DEVICE_FAMILY = "1,2";
				TEST_TARGET_NAME = Calculadora1;
			};
			name = Release;
		};
/* End XCBuildConfiguration section */

/* Begin XCConfigurationList section */
		6EEDD5B82BD47F2200664B4D /* Build configuration list for PBXProject "Calculadora1" */ = {
			isa = XCConfigurationList;
			buildConfigurations = (
				6EEDD5DF2BD47F2500664B4D /* Debug */,
				6EEDD5E02BD47F2500664B4D /* Release */,
			);
			defaultConfigurationIsVisible = 0;
			defaultConfigurationName = Release;
		};
		6EEDD5E12BD47F2500664B4D /* Build configuration list for PBXNativeTarget "Calculadora1" */ = {
			isa = XCConfigurationList;
			buildConfigurations = (
				6EEDD5E22BD47F2500664B4D /* Debug */,
				6EEDD5E32BD47F2500664B4D /* Release */,
			);
			defaultConfigurationIsVisible = 0;
			defaultConfigurationName = Release;
		};
		6EEDD5E42BD47F2500664B4D /* Build configuration list for PBXNativeTarget "Calculadora1Tests" */ = {
			isa = XCConfigurationList;
			buildConfigurations = (
				6EEDD5E52BD47F2500664B4D /* Debug */,
				6EEDD5E62BD47F2500664B4D /* Release */,
			);
			defaultConfigurationIsVisible = 0;
			defaultConfigurationName = Release;
		};
		6EEDD5E72BD47F2500664B4D /* Build configuration list for PBXNativeTarget "Calculadora1UITests" */ = {
			isa = XCConfigurationList;
			buildConfigurations = (
				6EEDD5E82BD47F2500664B4D /* Debug */,
				6EEDD5E92BD47F2500664B4D /* Release */,
			);
			defaultConfigurationIsVisible = 0;
			defaultConfigurationName = Release;
		};
/* End XCConfigurationList section */
	};
	rootObject = 6EEDD5B52BD47F2200664B4D /* Project object */;
}
